// !$*UTF8*$!
{
	archiveVersion = 1;
	classes = {
	};
	objectVersion = 50;
	objects = {

/* Begin PBXBuildFile section */
		A1E440B22121285000D5A961 /* AppDelegate.swift in Sources */ = {isa = PBXBuildFile; fileRef = A1E440B12121285000D5A961 /* AppDelegate.swift */; };
		A1E440B42121285000D5A961 /* ViewController.swift in Sources */ = {isa = PBXBuildFile; fileRef = A1E440B32121285000D5A961 /* ViewController.swift */; };
		A1E440B72121285000D5A961 /* Main.storyboard in Resources */ = {isa = PBXBuildFile; fileRef = A1E440B52121285000D5A961 /* Main.storyboard */; };
		A1E440B92121285100D5A961 /* Assets.xcassets in Resources */ = {isa = PBXBuildFile; fileRef = A1E440B82121285100D5A961 /* Assets.xcassets */; };
		A1E440BC2121285100D5A961 /* LaunchScreen.storyboard in Resources */ = {isa = PBXBuildFile; fileRef = A1E440BA2121285100D5A961 /* LaunchScreen.storyboard */; };
		A1E440C4212129EF00D5A961 /* DateCollectionViewCell.swift in Sources */ = {isa = PBXBuildFile; fileRef = A1E440C3212129EF00D5A961 /* DateCollectionViewCell.swift */; };
		A1E440C621212A3A00D5A961 /* CalendarVars.swift in Sources */ = {isa = PBXBuildFile; fileRef = A1E440C521212A3A00D5A961 /* CalendarVars.swift */; };
		A1E440C8212130D900D5A961 /* StoreViewController.swift in Sources */ = {isa = PBXBuildFile; fileRef = A1E440C7212130D900D5A961 /* StoreViewController.swift */; };
		A1E440CA212130FA00D5A961 /* ItemViewController.swift in Sources */ = {isa = PBXBuildFile; fileRef = A1E440C9212130FA00D5A961 /* ItemViewController.swift */; };
/* End PBXBuildFile section */

/* Begin PBXFileReference section */
		A1E440AE2121285000D5A961 /* MoneyTracker.app */ = {isa = PBXFileReference; explicitFileType = wrapper.application; includeInIndex = 0; path = MoneyTracker.app; sourceTree = BUILT_PRODUCTS_DIR; };
		A1E440B12121285000D5A961 /* AppDelegate.swift */ = {isa = PBXFileReference; lastKnownFileType = sourcecode.swift; path = AppDelegate.swift; sourceTree = "<group>"; };
		A1E440B32121285000D5A961 /* ViewController.swift */ = {isa = PBXFileReference; lastKnownFileType = sourcecode.swift; path = ViewController.swift; sourceTree = "<group>"; };
		A1E440B62121285000D5A961 /* Base */ = {isa = PBXFileReference; lastKnownFileType = file.storyboard; name = Base; path = Base.lproj/Main.storyboard; sourceTree = "<group>"; };
		A1E440B82121285100D5A961 /* Assets.xcassets */ = {isa = PBXFileReference; lastKnownFileType = folder.assetcatalog; path = Assets.xcassets; sourceTree = "<group>"; };
		A1E440BB2121285100D5A961 /* Base */ = {isa = PBXFileReference; lastKnownFileType = file.storyboard; name = Base; path = Base.lproj/LaunchScreen.storyboard; sourceTree = "<group>"; };
		A1E440BD2121285100D5A961 /* Info.plist */ = {isa = PBXFileReference; lastKnownFileType = text.plist.xml; path = Info.plist; sourceTree = "<group>"; };
		A1E440C3212129EF00D5A961 /* DateCollectionViewCell.swift */ = {isa = PBXFileReference; lastKnownFileType = sourcecode.swift; path = DateCollectionViewCell.swift; sourceTree = "<group>"; };
		A1E440C521212A3A00D5A961 /* CalendarVars.swift */ = {isa = PBXFileReference; lastKnownFileType = sourcecode.swift; path = CalendarVars.swift; sourceTree = "<group>"; };
		A1E440C7212130D900D5A961 /* StoreViewController.swift */ = {isa = PBXFileReference; lastKnownFileType = sourcecode.swift; path = StoreViewController.swift; sourceTree = "<group>"; };
		A1E440C9212130FA00D5A961 /* ItemViewController.swift */ = {isa = PBXFileReference; lastKnownFileType = sourcecode.swift; path = ItemViewController.swift; sourceTree = "<group>"; };
/* End PBXFileReference section */

/* Begin PBXFrameworksBuildPhase section */
		A1E440AB2121285000D5A961 /* Frameworks */ = {
			isa = PBXFrameworksBuildPhase;
			buildActionMask = 2147483647;
			files = (
			);
			runOnlyForDeploymentPostprocessing = 0;
		};
/* End PBXFrameworksBuildPhase section */

/* Begin PBXGroup section */
		A1E440A52121285000D5A961 = {
			isa = PBXGroup;
			children = (
				A1E440B02121285000D5A961 /* MoneyTracker */,
				A1E440AF2121285000D5A961 /* Products */,
			);
			sourceTree = "<group>";
		};
		A1E440AF2121285000D5A961 /* Products */ = {
			isa = PBXGroup;
			children = (
				A1E440AE2121285000D5A961 /* MoneyTracker.app */,
			);
			name = Products;
			sourceTree = "<group>";
		};
		A1E440B02121285000D5A961 /* MoneyTracker */ = {
			isa = PBXGroup;
			children = (
				A1E440B12121285000D5A961 /* AppDelegate.swift */,
				A1E440CB212131B900D5A961 /* Controllers */,
				A1E440CC212131EA00D5A961 /* Data Model */,
				A1E440CD212131F300D5A961 /* View */,
				A1E440CE212131FD00D5A961 /* Support Files */,
				A1E440BD2121285100D5A961 /* Info.plist */,
			);
			path = MoneyTracker;
			sourceTree = "<group>";
		};
		A1E440CB212131B900D5A961 /* Controllers */ = {
			isa = PBXGroup;
			children = (
				A1E440B32121285000D5A961 /* ViewController.swift */,
				A1E440C7212130D900D5A961 /* StoreViewController.swift */,
				A1E440C9212130FA00D5A961 /* ItemViewController.swift */,
				A1E440C3212129EF00D5A961 /* DateCollectionViewCell.swift */,
			);
			path = Controllers;
			sourceTree = "<group>";
		};
		A1E440CC212131EA00D5A961 /* Data Model */ = {
			isa = PBXGroup;
			children = (
				A1E440C521212A3A00D5A961 /* CalendarVars.swift */,
			);
			path = "Data Model";
			sourceTree = "<group>";
		};
		A1E440CD212131F300D5A961 /* View */ = {
			isa = PBXGroup;
			children = (
				A1E440B52121285000D5A961 /* Main.storyboard */,
			);
			path = View;
			sourceTree = "<group>";
		};
		A1E440CE212131FD00D5A961 /* Support Files */ = {
			isa = PBXGroup;
			children = (
				A1E440B82121285100D5A961 /* Assets.xcassets */,
				A1E440BA2121285100D5A961 /* LaunchScreen.storyboard */,
			);
			path = "Support Files";
			sourceTree = "<group>";
		};
/* End PBXGroup section */

/* Begin PBXNativeTarget section */
		A1E440AD2121285000D5A961 /* MoneyTracker */ = {
			isa = PBXNativeTarget;
			buildConfigurationList = A1E440C02121285100D5A961 /* Build configuration list for PBXNativeTarget "MoneyTracker" */;
			buildPhases = (
				A1E440AA2121285000D5A961 /* Sources */,
				A1E440AB2121285000D5A961 /* Frameworks */,
				A1E440AC2121285000D5A961 /* Resources */,
			);
			buildRules = (
			);
			dependencies = (
			);
			name = MoneyTracker;
			productName = MoneyTracker;
			productReference = A1E440AE2121285000D5A961 /* MoneyTracker.app */;
			productType = "com.apple.product-type.application";
		};
/* End PBXNativeTarget section */

/* Begin PBXProject section */
		A1E440A62121285000D5A961 /* Project object */ = {
			isa = PBXProject;
			attributes = {
				LastSwiftUpdateCheck = 0940;
				LastUpgradeCheck = 0940;
				ORGANIZATIONNAME = "Atsuko Fukunaga";
				TargetAttributes = {
					A1E440AD2121285000D5A961 = {
						CreatedOnToolsVersion = 9.4.1;
					};
				};
			};
			buildConfigurationList = A1E440A92121285000D5A961 /* Build configuration list for PBXProject "MoneyTracker" */;
			compatibilityVersion = "Xcode 9.3";
			developmentRegion = en;
			hasScannedForEncodings = 0;
			knownRegions = (
				en,
				Base,
			);
			mainGroup = A1E440A52121285000D5A961;
			productRefGroup = A1E440AF2121285000D5A961 /* Products */;
			projectDirPath = "";
			projectRoot = "";
			targets = (
				A1E440AD2121285000D5A961 /* MoneyTracker */,
			);
		};
/* End PBXProject section */

/* Begin PBXResourcesBuildPhase section */
		A1E440AC2121285000D5A961 /* Resources */ = {
			isa = PBXResourcesBuildPhase;
			buildActionMask = 2147483647;
			files = (
				A1E440BC2121285100D5A961 /* LaunchScreen.storyboard in Resources */,
				A1E440B92121285100D5A961 /* Assets.xcassets in Resources */,
				A1E440B72121285000D5A961 /* Main.storyboard in Resources */,
			);
			runOnlyForDeploymentPostprocessing = 0;
		};
/* End PBXResourcesBuildPhase section */

/* Begin PBXSourcesBuildPhase section */
		A1E440AA2121285000D5A961 /* Sources */ = {
			isa = PBXSourcesBuildPhase;
			buildActionMask = 2147483647;
			files = (
				A1E440C8212130D900D5A961 /* StoreViewController.swift in Sources */,
				A1E440B42121285000D5A961 /* ViewController.swift in Sources */,
				A1E440C4212129EF00D5A961 /* DateCollectionViewCell.swift in Sources */,
				A1E440B22121285000D5A961 /* AppDelegate.swift in Sources */,
				A1E440C621212A3A00D5A961 /* CalendarVars.swift in Sources */,
				A1E440CA212130FA00D5A961 /* ItemViewController.swift in Sources */,
			);
			runOnlyForDeploymentPostprocessing = 0;
		};
/* End PBXSourcesBuildPhase section */

/* Begin PBXVariantGroup section */
		A1E440B52121285000D5A961 /* Main.storyboard */ = {
			isa = PBXVariantGroup;
			children = (
				A1E440B62121285000D5A961 /* Base */,
			);
			name = Main.storyboard;
			sourceTree = "<group>";
		};
		A1E440BA2121285100D5A961 /* LaunchScreen.storyboard */ = {
			isa = PBXVariantGroup;
			children = (
				A1E440BB2121285100D5A961 /* Base */,
			);
			name = LaunchScreen.storyboard;
			sourceTree = "<group>";
		};
/* End PBXVariantGroup section */

/* Begin XCBuildConfiguration section */
		A1E440BE2121285100D5A961 /* Debug */ = {
			isa = XCBuildConfiguration;
			buildSettings = {
				ALWAYS_SEARCH_USER_PATHS = NO;
				CLANG_ANALYZER_NONNULL = YES;
				CLANG_ANALYZER_NUMBER_OBJECT_CONVERSION = YES_AGGRESSIVE;
				CLANG_CXX_LANGUAGE_STANDARD = "gnu++14";
				CLANG_CXX_LIBRARY = "libc++";
				CLANG_ENABLE_MODULES = YES;
				CLANG_ENABLE_OBJC_ARC = YES;
				CLANG_ENABLE_OBJC_WEAK = YES;
				CLANG_WARN_BLOCK_CAPTURE_AUTORELEASING = YES;
				CLANG_WARN_BOOL_CONVERSION = YES;
				CLANG_WARN_COMMA = YES;
				CLANG_WARN_CONSTANT_CONVERSION = YES;
				CLANG_WARN_DEPRECATED_OBJC_IMPLEMENTATIONS = YES;
				CLANG_WARN_DIRECT_OBJC_ISA_USAGE = YES_ERROR;
				CLANG_WARN_DOCUMENTATION_COMMENTS = YES;
				CLANG_WARN_EMPTY_BODY = YES;
				CLANG_WARN_ENUM_CONVERSION = YES;
				CLANG_WARN_INFINITE_RECURSION = YES;
				CLANG_WARN_INT_CONVERSION = YES;
				CLANG_WARN_NON_LITERAL_NULL_CONVERSION = YES;
				CLANG_WARN_OBJC_IMPLICIT_RETAIN_SELF = YES;
				CLANG_WARN_OBJC_LITERAL_CONVERSION = YES;
				CLANG_WARN_OBJC_ROOT_CLASS = YES_ERROR;
				CLANG_WARN_RANGE_LOOP_ANALYSIS = YES;
				CLANG_WARN_STRICT_PROTOTYPES = YES;
				CLANG_WARN_SUSPICIOUS_MOVE = YES;
				CLANG_WARN_UNGUARDED_AVAILABILITY = YES_AGGRESSIVE;
				CLANG_WARN_UNREACHABLE_CODE = YES;
				CLANG_WARN__DUPLICATE_METHOD_MATCH = YES;
				CODE_SIGN_IDENTITY = "iPhone Developer";
				COPY_PHASE_STRIP = NO;
				DEBUG_INFORMATION_FORMAT = dwarf;
				ENABLE_STRICT_OBJC_MSGSEND = YES;
				ENABLE_TESTABILITY = YES;
				GCC_C_LANGUAGE_STANDARD = gnu11;
				GCC_DYNAMIC_NO_PIC = NO;
				GCC_NO_COMMON_BLOCKS = YES;
				GCC_OPTIMIZATION_LEVEL = 0;
				GCC_PREPROCESSOR_DEFINITIONS = (
					"DEBUG=1",
					"$(inherited)",
				);
				GCC_WARN_64_TO_32_BIT_CONVERSION = YES;
				GCC_WARN_ABOUT_RETURN_TYPE = YES_ERROR;
				GCC_WARN_UNDECLARED_SELECTOR = YES;
				GCC_WARN_UNINITIALIZED_AUTOS = YES_AGGRESSIVE;
				GCC_WARN_UNUSED_FUNCTION = YES;
				GCC_WARN_UNUSED_VARIABLE = YES;
				IPHONEOS_DEPLOYMENT_TARGET = 11.4;
				MTL_ENABLE_DEBUG_INFO = YES;
				ONLY_ACTIVE_ARCH = YES;
				SDKROOT = iphoneos;
				SWIFT_ACTIVE_COMPILATION_CONDITIONS = DEBUG;
				SWIFT_OPTIMIZATION_LEVEL = "-Onone";
			};
			name = Debug;
		};
		A1E440BF2121285100D5A961 /* Release */ = {
			isa = XCBuildConfiguration;
			buildSettings = {
				ALWAYS_SEARCH_USER_PATHS = NO;
				CLANG_ANALYZER_NONNULL = YES;
				CLANG_ANALYZER_NUMBER_OBJECT_CONVERSION = YES_AGGRESSIVE;
				CLANG_CXX_LANGUAGE_STANDARD = "gnu++14";
				CLANG_CXX_LIBRARY = "libc++";
				CLANG_ENABLE_MODULES = YES;
				CLANG_ENABLE_OBJC_ARC = YES;
				CLANG_ENABLE_OBJC_WEAK = YES;
				CLANG_WARN_BLOCK_CAPTURE_AUTORELEASING = YES;
				CLANG_WARN_BOOL_CONVERSION = YES;
				CLANG_WARN_COMMA = YES;
				CLANG_WARN_CONSTANT_CONVERSION = YES;
				CLANG_WARN_DEPRECATED_OBJC_IMPLEMENTATIONS = YES;
				CLANG_WARN_DIRECT_OBJC_ISA_USAGE = YES_ERROR;
				CLANG_WARN_DOCUMENTATION_COMMENTS = YES;
				CLANG_WARN_EMPTY_BODY = YES;
				CLANG_WARN_ENUM_CONVERSION = YES;
				CLANG_WARN_INFINITE_RECURSION = YES;
				CLANG_WARN_INT_CONVERSION = YES;
				CLANG_WARN_NON_LITERAL_NULL_CONVERSION = YES;
				CLANG_WARN_OBJC_IMPLICIT_RETAIN_SELF = YES;
				CLANG_WARN_OBJC_LITERAL_CONVERSION = YES;
				CLANG_WARN_OBJC_ROOT_CLASS = YES_ERROR;
				CLANG_WARN_RANGE_LOOP_ANALYSIS = YES;
				CLANG_WARN_STRICT_PROTOTYPES = YES;
				CLANG_WARN_SUSPICIOUS_MOVE = YES;
				CLANG_WARN_UNGUARDED_AVAILABILITY = YES_AGGRESSIVE;
				CLANG_WARN_UNREACHABLE_CODE = YES;
				CLANG_WARN__DUPLICATE_METHOD_MATCH = YES;
				CODE_SIGN_IDENTITY = "iPhone Developer";
				COPY_PHASE_STRIP = NO;
				DEBUG_INFORMATION_FORMAT = "dwarf-with-dsym";
				ENABLE_NS_ASSERTIONS = NO;
				ENABLE_STRICT_OBJC_MSGSEND = YES;
				GCC_C_LANGUAGE_STANDARD = gnu11;
				GCC_NO_COMMON_BLOCKS = YES;
				GCC_WARN_64_TO_32_BIT_CONVERSION = YES;
				GCC_WARN_ABOUT_RETURN_TYPE = YES_ERROR;
				GCC_WARN_UNDECLARED_SELECTOR = YES;
				GCC_WARN_UNINITIALIZED_AUTOS = YES_AGGRESSIVE;
				GCC_WARN_UNUSED_FUNCTION = YES;
				GCC_WARN_UNUSED_VARIABLE = YES;
				IPHONEOS_DEPLOYMENT_TARGET = 11.4;
				MTL_ENABLE_DEBUG_INFO = NO;
				SDKROOT = iphoneos;
				SWIFT_COMPILATION_MODE = wholemodule;
				SWIFT_OPTIMIZATION_LEVEL = "-O";
				VALIDATE_PRODUCT = YES;
			};
			name = Release;
		};
		A1E440C12121285100D5A961 /* Debug */ = {
			isa = XCBuildConfiguration;
			buildSettings = {
				ASSETCATALOG_COMPILER_APPICON_NAME = AppIcon;
				CODE_SIGN_STYLE = Automatic;
				DEVELOPMENT_TEAM = S3MYX35T5M;
				INFOPLIST_FILE = MoneyTracker/Info.plist;
				LD_RUNPATH_SEARCH_PATHS = (
					"$(inherited)",
					"@executable_path/Frameworks",
				);
				PRODUCT_BUNDLE_IDENTIFIER = com.AtsukoFukunaga.MoneyTracker;
				PRODUCT_NAME = "$(TARGET_NAME)";
				SWIFT_VERSION = 4.0;
				TARGETED_DEVICE_FAMILY = "1,2";
			};
			name = Debug;
		};
		A1E440C22121285100D5A961 /* Release */ = {
			isa = XCBuildConfiguration;
			buildSettings = {
				ASSETCATALOG_COMPILER_APPICON_NAME = AppIcon;
				CODE_SIGN_STYLE = Automatic;
				DEVELOPMENT_TEAM = S3MYX35T5M;
				INFOPLIST_FILE = MoneyTracker/Info.plist;
				LD_RUNPATH_SEARCH_PATHS = (
					"$(inherited)",
					"@executable_path/Frameworks",
				);
				PRODUCT_BUNDLE_IDENTIFIER = com.AtsukoFukunaga.MoneyTracker;
				PRODUCT_NAME = "$(TARGET_NAME)";
				SWIFT_VERSION = 4.0;
				TARGETED_DEVICE_FAMILY = "1,2";
			};
			name = Release;
		};
/* End XCBuildConfiguration section */

/* Begin XCConfigurationList section */
		A1E440A92121285000D5A961 /* Build configuration list for PBXProject "MoneyTracker" */ = {
			isa = XCConfigurationList;
			buildConfigurations = (
				A1E440BE2121285100D5A961 /* Debug */,
				A1E440BF2121285100D5A961 /* Release */,
			);
			defaultConfigurationIsVisible = 0;
			defaultConfigurationName = Release;
		};
		A1E440C02121285100D5A961 /* Build configuration list for PBXNativeTarget "MoneyTracker" */ = {
			isa = XCConfigurationList;
			buildConfigurations = (
				A1E440C12121285100D5A961 /* Debug */,
				A1E440C22121285100D5A961 /* Release */,
			);
			defaultConfigurationIsVisible = 0;
			defaultConfigurationName = Release;
		};
/* End XCConfigurationList section */
	};
	rootObject = A1E440A62121285000D5A961 /* Project object */;
}
